
Microsoft Visual Studio Solution File, Format Version 12.00
# Visual Studio Version 17
VisualStudioVersion = 17.14.36518.9 d17.14
MinimumVisualStudioVersion = 10.0.40219.1
Project("{8BC9CEB8-8B4A-11D0-8D11-00A0C91BC942}") = "Fred", "Fred.vcxproj", "{0892ECBF-9A9E-4C53-8442-29DF689F1778}"
EndProject
Global
	GlobalSection(SolutionConfigurationPlatforms) = preSolution
		Debug|x64 = Debug|x64
		Debug|x86 = Debug|x86
		DirectX|x64 = DirectX|x64
		DirectX|x86 = DirectX|x86
		Release|x64 = Release|x64
		Release|x86 = Release|x86
		Vulkan|x64 = Vulkan|x64
		Vulkan|x86 = Vulkan|x86
	EndGlobalSection
	GlobalSection(ProjectConfigurationPlatforms) = postSolution
		{0892ECBF-9A9E-4C53-8442-29DF689F1778}.Debug|x64.ActiveCfg = Debug|x64
		{0892ECBF-9A9E-4C53-8442-29DF689F1778}.Debug|x64.Build.0 = Debug|x64
		{0892ECBF-9A9E-4C53-8442-29DF689F1778}.Debug|x86.ActiveCfg = Debug|Win32
		{0892ECBF-9A9E-4C53-8442-29DF689F1778}.Debug|x86.Build.0 = Debug|Win32
		{0892ECBF-9A9E-4C53-8442-29DF689F1778}.DirectX|x64.ActiveCfg = DirectX|x64
		{0892ECBF-9A9E-4C53-8442-29DF689F1778}.DirectX|x64.Build.0 = DirectX|x64
		{0892ECBF-9A9E-4C53-8442-29DF689F1778}.DirectX|x86.ActiveCfg = DirectX|Win32
		{0892ECBF-9A9E-4C53-8442-29DF689F1778}.DirectX|x86.Build.0 = DirectX|Win32
		{0892ECBF-9A9E-4C53-8442-29DF689F1778}.Release|x64.ActiveCfg = Release|x64
		{0892ECBF-9A9E-4C53-8442-29DF689F1778}.Release|x64.Build.0 = Release|x64
		{0892ECBF-9A9E-4C53-8442-29DF689F1778}.Release|x86.ActiveCfg = Release|Win32
		{0892ECBF-9A9E-4C53-8442-29DF689F1778}.Release|x86.Build.0 = Release|Win32
		{0892ECBF-9A9E-4C53-8442-29DF689F1778}.Vulkan|x64.ActiveCfg = Vulkan|x64
		{0892ECBF-9A9E-4C53-8442-29DF689F1778}.Vulkan|x64.Build.0 = Vulkan|x64
		{0892ECBF-9A9E-4C53-8442-29DF689F1778}.Vulkan|x86.ActiveCfg = Vulkan|Win32
		{0892ECBF-9A9E-4C53-8442-29DF689F1778}.Vulkan|x86.Build.0 = Vulkan|Win32
	EndGlobalSection
	GlobalSection(SolutionProperties) = preSolution
		HideSolutionNode = FALSE
	EndGlobalSection
	GlobalSection(ExtensibilityGlobals) = postSolution
		SolutionGuid = {B789C7C7-D57A-4D8D-BFB6-23B16B12052E}
	EndGlobalSection
EndGlobal
